
Microsoft Visual Studio Solution File, Format Version 12.00
# Visual Studio 15
VisualStudioVersion = 15.0.28307.572
MinimumVisualStudioVersion = 10.0.40219.1
Project("{FAE04EC0-301F-11D3-BF4B-00C04F79EFBC}") = "Relacion1aN_Entity Framwork", "Relacion1aN_Entity Framwork\Relacion1aN_Entity Framwork.csproj", "{A3C23D0E-74B7-45FC-B64E-D4C5A3974F61}"
EndProject
Project("{FAE04EC0-301F-11D3-BF4B-00C04F79EFBC}") = "Data", "Data\Data.csproj", "{92247FAC-2C32-48CF-BA67-FB7342090AE3}"
EndProject
Project("{FAE04EC0-301F-11D3-BF4B-00C04F79EFBC}") = "Servicios", "Servicios\Servicios.csproj", "{52364C60-6848-4A76-813E-1A219BD6FAEE}"
EndProject
Global
	GlobalSection(SolutionConfigurationPlatforms) = preSolution
		Debug|Any CPU = Debug|Any CPU
		Release|Any CPU = Release|Any CPU
	EndGlobalSection
	GlobalSection(ProjectConfigurationPlatforms) = postSolution
		{A3C23D0E-74B7-45FC-B64E-D4C5A3974F61}.Debug|Any CPU.ActiveCfg = Debug|Any CPU
		{A3C23D0E-74B7-45FC-B64E-D4C5A3974F61}.Debug|Any CPU.Build.0 = Debug|Any CPU
		{A3C23D0E-74B7-45FC-B64E-D4C5A3974F61}.Release|Any CPU.ActiveCfg = Release|Any CPU
		{A3C23D0E-74B7-45FC-B64E-D4C5A3974F61}.Release|Any CPU.Build.0 = Release|Any CPU
		{92247FAC-2C32-48CF-BA67-FB7342090AE3}.Debug|Any CPU.ActiveCfg = Debug|Any CPU
		{92247FAC-2C32-48CF-BA67-FB7342090AE3}.Debug|Any CPU.Build.0 = Debug|Any CPU
		{92247FAC-2C32-48CF-BA67-FB7342090AE3}.Release|Any CPU.ActiveCfg = Release|Any CPU
		{92247FAC-2C32-48CF-BA67-FB7342090AE3}.Release|Any CPU.Build.0 = Release|Any CPU
		{52364C60-6848-4A76-813E-1A219BD6FAEE}.Debug|Any CPU.ActiveCfg = Debug|Any CPU
		{52364C60-6848-4A76-813E-1A219BD6FAEE}.Debug|Any CPU.Build.0 = Debug|Any CPU
		{52364C60-6848-4A76-813E-1A219BD6FAEE}.Release|Any CPU.ActiveCfg = Release|Any CPU
		{52364C60-6848-4A76-813E-1A219BD6FAEE}.Release|Any CPU.Build.0 = Release|Any CPU
	EndGlobalSection
	GlobalSection(SolutionProperties) = preSolution
		HideSolutionNode = FALSE
	EndGlobalSection
	GlobalSection(ExtensibilityGlobals) = postSolution
		SolutionGuid = {4D772CAD-BBA8-48A6-82D5-541906F7F917}
	EndGlobalSection
EndGlobal
